
Microsoft Visual Studio Solution File, Format Version 12.00
# Visual Studio Version 17
VisualStudioVersion = 17.14.36717.8 d17.14
MinimumVisualStudioVersion = 10.0.40219.1
Project("{8BC9CEB8-8B4A-11D0-8D11-00A0C91BC942}") = "34-HomeWork- Vector Of Structure", "34-HomeWork- Vector Of Structure\34-HomeWork- Vector Of Structure.vcxproj", "{BF94958B-27EE-4B3D-A634-F269386708AC}"
EndProject
Global
	GlobalSection(SolutionConfigurationPlatforms) = preSolution
		Debug|x64 = Debug|x64
		Debug|x86 = Debug|x86
		Release|x64 = Release|x64
		Release|x86 = Release|x86
	EndGlobalSection
	GlobalSection(ProjectConfigurationPlatforms) = postSolution
		{BF94958B-27EE-4B3D-A634-F269386708AC}.Debug|x64.ActiveCfg = Debug|x64
		{BF94958B-27EE-4B3D-A634-F269386708AC}.Debug|x64.Build.0 = Debug|x64
		{BF94958B-27EE-4B3D-A634-F269386708AC}.Debug|x86.ActiveCfg = Debug|Win32
		{BF94958B-27EE-4B3D-A634-F269386708AC}.Debug|x86.Build.0 = Debug|Win32
		{BF94958B-27EE-4B3D-A634-F269386708AC}.Release|x64.ActiveCfg = Release|x64
		{BF94958B-27EE-4B3D-A634-F269386708AC}.Release|x64.Build.0 = Release|x64
		{BF94958B-27EE-4B3D-A634-F269386708AC}.Release|x86.ActiveCfg = Release|Win32
		{BF94958B-27EE-4B3D-A634-F269386708AC}.Release|x86.Build.0 = Release|Win32
	EndGlobalSection
	GlobalSection(SolutionProperties) = preSolution
		HideSolutionNode = FALSE
	EndGlobalSection
	GlobalSection(ExtensibilityGlobals) = postSolution
		SolutionGuid = {2A1BF35C-1416-4880-B04F-BEB8E54F9273}
	EndGlobalSection
EndGlobal
