
Microsoft Visual Studio Solution File, Format Version 12.00
# Visual Studio Version 17
VisualStudioVersion = 17.14.36717.8 d17.14
MinimumVisualStudioVersion = 10.0.40219.1
Project("{8BC9CEB8-8B4A-11D0-8D11-00A0C91BC942}") = "25.Float Format(printf)", "25.Float Format(printf)\25.Float Format(printf).vcxproj", "{800FB799-5F06-4530-80D4-8AFCD5B15AF2}"
EndProject
Global
	GlobalSection(SolutionConfigurationPlatforms) = preSolution
		Debug|x64 = Debug|x64
		Debug|x86 = Debug|x86
		Release|x64 = Release|x64
		Release|x86 = Release|x86
	EndGlobalSection
	GlobalSection(ProjectConfigurationPlatforms) = postSolution
		{800FB799-5F06-4530-80D4-8AFCD5B15AF2}.Debug|x64.ActiveCfg = Debug|x64
		{800FB799-5F06-4530-80D4-8AFCD5B15AF2}.Debug|x64.Build.0 = Debug|x64
		{800FB799-5F06-4530-80D4-8AFCD5B15AF2}.Debug|x86.ActiveCfg = Debug|Win32
		{800FB799-5F06-4530-80D4-8AFCD5B15AF2}.Debug|x86.Build.0 = Debug|Win32
		{800FB799-5F06-4530-80D4-8AFCD5B15AF2}.Release|x64.ActiveCfg = Release|x64
		{800FB799-5F06-4530-80D4-8AFCD5B15AF2}.Release|x64.Build.0 = Release|x64
		{800FB799-5F06-4530-80D4-8AFCD5B15AF2}.Release|x86.ActiveCfg = Release|Win32
		{800FB799-5F06-4530-80D4-8AFCD5B15AF2}.Release|x86.Build.0 = Release|Win32
	EndGlobalSection
	GlobalSection(SolutionProperties) = preSolution
		HideSolutionNode = FALSE
	EndGlobalSection
	GlobalSection(ExtensibilityGlobals) = postSolution
		SolutionGuid = {E21107E4-279D-4C18-A7F7-43730CF64840}
	EndGlobalSection
EndGlobal
