
Microsoft Visual Studio Solution File, Format Version 12.00
# Visual Studio Version 17
VisualStudioVersion = 17.14.36717.8 d17.14
MinimumVisualStudioVersion = 10.0.40219.1
Project("{8BC9CEB8-8B4A-11D0-8D11-00A0C91BC942}") = "9 Homwork-Ternary Operator", "9 Homwork-Ternary Operator\9 Homwork-Ternary Operator.vcxproj", "{618815A3-FA70-4D15-B4B6-2A2519E9F66E}"
EndProject
Global
	GlobalSection(SolutionConfigurationPlatforms) = preSolution
		Debug|x64 = Debug|x64
		Debug|x86 = Debug|x86
		Release|x64 = Release|x64
		Release|x86 = Release|x86
	EndGlobalSection
	GlobalSection(ProjectConfigurationPlatforms) = postSolution
		{618815A3-FA70-4D15-B4B6-2A2519E9F66E}.Debug|x64.ActiveCfg = Debug|x64
		{618815A3-FA70-4D15-B4B6-2A2519E9F66E}.Debug|x64.Build.0 = Debug|x64
		{618815A3-FA70-4D15-B4B6-2A2519E9F66E}.Debug|x86.ActiveCfg = Debug|Win32
		{618815A3-FA70-4D15-B4B6-2A2519E9F66E}.Debug|x86.Build.0 = Debug|Win32
		{618815A3-FA70-4D15-B4B6-2A2519E9F66E}.Release|x64.ActiveCfg = Release|x64
		{618815A3-FA70-4D15-B4B6-2A2519E9F66E}.Release|x64.Build.0 = Release|x64
		{618815A3-FA70-4D15-B4B6-2A2519E9F66E}.Release|x86.ActiveCfg = Release|Win32
		{618815A3-FA70-4D15-B4B6-2A2519E9F66E}.Release|x86.Build.0 = Release|Win32
	EndGlobalSection
	GlobalSection(SolutionProperties) = preSolution
		HideSolutionNode = FALSE
	EndGlobalSection
	GlobalSection(ExtensibilityGlobals) = postSolution
		SolutionGuid = {438FE45C-EDEC-46E8-A5DE-9F79A5EDCDE8}
	EndGlobalSection
EndGlobal
