
Microsoft Visual Studio Solution File, Format Version 12.00
# Visual Studio Version 17
VisualStudioVersion = 17.14.36717.8 d17.14
MinimumVisualStudioVersion = 10.0.40219.1
Project("{8BC9CEB8-8B4A-11D0-8D11-00A0C91BC942}") = "13-Bitwise I Operator", "13-Bitwise I Operator\13-Bitwise I Operator.vcxproj", "{4E6B672C-E3A6-4127-90AC-82E9AC807871}"
EndProject
Global
	GlobalSection(SolutionConfigurationPlatforms) = preSolution
		Debug|x64 = Debug|x64
		Debug|x86 = Debug|x86
		Release|x64 = Release|x64
		Release|x86 = Release|x86
	EndGlobalSection
	GlobalSection(ProjectConfigurationPlatforms) = postSolution
		{4E6B672C-E3A6-4127-90AC-82E9AC807871}.Debug|x64.ActiveCfg = Debug|x64
		{4E6B672C-E3A6-4127-90AC-82E9AC807871}.Debug|x64.Build.0 = Debug|x64
		{4E6B672C-E3A6-4127-90AC-82E9AC807871}.Debug|x86.ActiveCfg = Debug|Win32
		{4E6B672C-E3A6-4127-90AC-82E9AC807871}.Debug|x86.Build.0 = Debug|Win32
		{4E6B672C-E3A6-4127-90AC-82E9AC807871}.Release|x64.ActiveCfg = Release|x64
		{4E6B672C-E3A6-4127-90AC-82E9AC807871}.Release|x64.Build.0 = Release|x64
		{4E6B672C-E3A6-4127-90AC-82E9AC807871}.Release|x86.ActiveCfg = Release|Win32
		{4E6B672C-E3A6-4127-90AC-82E9AC807871}.Release|x86.Build.0 = Release|Win32
	EndGlobalSection
	GlobalSection(SolutionProperties) = preSolution
		HideSolutionNode = FALSE
	EndGlobalSection
	GlobalSection(ExtensibilityGlobals) = postSolution
		SolutionGuid = {0A17D24C-12F2-49F4-9263-94A1FFE0B396}
	EndGlobalSection
EndGlobal
